PODS:
  - EGPageViewController (0.1.0):
    - RxCocoa
    - RxSwift
    - SnapKit
  - Nimble (7.0.3)
  - Quick (1.2.0)
  - RxCocoa (4.1.2):
    - RxSwift (~> 4.0)
  - RxSwift (4.1.2)
  - SnapKit (4.0.0)

DEPENDENCIES:
  - EGPageViewController (from `../`)
  - Nimble (~> 7.0.2)
  - Quick (~> 1.2.0)

EXTERNAL SOURCES:
  EGPageViewController:
    :path: ../

SPEC CHECKSUMS:
  EGPageViewController: e3e53cb76ca5627ec772c326d47599de12e3b4f3
  Nimble: 7f5a9c447a33002645a071bddafbfb24ea70e0ac
  Quick: 58d203b1c5e27fff7229c4c1ae445ad7069a7a08
  RxCocoa: d88ba0f1f6abf040011a9eb4b539324fc426843a
  RxSwift: e49536837d9901277638493ea537394d4b55f570
  SnapKit: a42d492c16e80209130a3379f73596c3454b7694

PODFILE CHECKSUM: 70109d734165f164d6d7a6853ebbb9869682041d

COCOAPODS: 1.4.0
